
Microsoft Visual Studio Solution File, Format Version 12.00
# Visual Studio Version 17
VisualStudioVersion = 17.4.33213.308
MinimumVisualStudioVersion = 10.0.40219.1
Project("{FAE04EC0-301F-11D3-BF4B-00C04F79EFBC}") = "TgEventsBot", "TgEventsBot.csproj", "{51BDE77A-85B0-4A2F-907F-69CE03629E74}"
EndProject
Global
	GlobalSection(SolutionConfigurationPlatforms) = preSolution
		Debug|Any CPU = Debug|Any CPU
		Release|Any CPU = Release|Any CPU
	EndGlobalSection
	GlobalSection(ProjectConfigurationPlatforms) = postSolution
		{51BDE77A-85B0-4A2F-907F-69CE03629E74}.Debug|Any CPU.ActiveCfg = Debug|Any CPU
		{51BDE77A-85B0-4A2F-907F-69CE03629E74}.Debug|Any CPU.Build.0 = Debug|Any CPU
		{51BDE77A-85B0-4A2F-907F-69CE03629E74}.Release|Any CPU.ActiveCfg = Release|Any CPU
		{51BDE77A-85B0-4A2F-907F-69CE03629E74}.Release|Any CPU.Build.0 = Release|Any CPU
	EndGlobalSection
	GlobalSection(SolutionProperties) = preSolution
		HideSolutionNode = FALSE
	EndGlobalSection
	GlobalSection(ExtensibilityGlobals) = postSolution
		SolutionGuid = {5548ABB8-850B-48BF-AF3A-522EF5D62048}
	EndGlobalSection
EndGlobal
